
Microsoft Visual Studio Solution File, Format Version 12.00
# Visual Studio Version 17
VisualStudioVersion = 17.5.33414.496
MinimumVisualStudioVersion = 10.0.40219.1
Project("{FAE04EC0-301F-11D3-BF4B-00C04F79EFBC}") = "DapperProjectBlog", "DapperProjectBlog.csproj", "{AF6F12C6-780A-4692-85AD-4FE9CFF47230}"
EndProject
Global
	GlobalSection(SolutionConfigurationPlatforms) = preSolution
		Debug|Any CPU = Debug|Any CPU
		Release|Any CPU = Release|Any CPU
	EndGlobalSection
	GlobalSection(ProjectConfigurationPlatforms) = postSolution
		{AF6F12C6-780A-4692-85AD-4FE9CFF47230}.Debug|Any CPU.ActiveCfg = Debug|Any CPU
		{AF6F12C6-780A-4692-85AD-4FE9CFF47230}.Debug|Any CPU.Build.0 = Debug|Any CPU
		{AF6F12C6-780A-4692-85AD-4FE9CFF47230}.Release|Any CPU.ActiveCfg = Release|Any CPU
		{AF6F12C6-780A-4692-85AD-4FE9CFF47230}.Release|Any CPU.Build.0 = Release|Any CPU
	EndGlobalSection
	GlobalSection(SolutionProperties) = preSolution
		HideSolutionNode = FALSE
	EndGlobalSection
	GlobalSection(ExtensibilityGlobals) = postSolution
		SolutionGuid = {E5EFD38F-89E4-4B9F-895D-A2DF2C7C9245}
	EndGlobalSection
EndGlobal
